
Microsoft Visual Studio Solution File, Format Version 12.00
# Visual Studio Version 16
VisualStudioVersion = 16.0.29025.244
MinimumVisualStudioVersion = 10.0.40219.1
Project("{FAE04EC0-301F-11D3-BF4B-00C04F79EFBC}") = "NPluginFramework", "NPluginFramework\NPluginFramework.csproj", "{3667D04A-2953-407F-8498-318F17C3D01A}"
EndProject
Project("{FAE04EC0-301F-11D3-BF4B-00C04F79EFBC}") = "NPluginFramework.Demo", "NPluginFramework.Demo\NPluginFramework.Demo.csproj", "{A1CCE13D-D522-429E-BFD4-B898FB2779D5}"
EndProject
Project("{FAE04EC0-301F-11D3-BF4B-00C04F79EFBC}") = "NPluginFramework.Test", "NPluginFramework.Test\NPluginFramework.Test.csproj", "{4D6866CA-0A27-4A02-A84B-D85623B35BB1}"
EndProject
Global
	GlobalSection(SolutionConfigurationPlatforms) = preSolution
		Debug|Any CPU = Debug|Any CPU
		Release|Any CPU = Release|Any CPU
	EndGlobalSection
	GlobalSection(ProjectConfigurationPlatforms) = postSolution
		{3667D04A-2953-407F-8498-318F17C3D01A}.Debug|Any CPU.ActiveCfg = Debug|Any CPU
		{3667D04A-2953-407F-8498-318F17C3D01A}.Debug|Any CPU.Build.0 = Debug|Any CPU
		{3667D04A-2953-407F-8498-318F17C3D01A}.Release|Any CPU.ActiveCfg = Release|Any CPU
		{3667D04A-2953-407F-8498-318F17C3D01A}.Release|Any CPU.Build.0 = Release|Any CPU
		{A1CCE13D-D522-429E-BFD4-B898FB2779D5}.Debug|Any CPU.ActiveCfg = Debug|Any CPU
		{A1CCE13D-D522-429E-BFD4-B898FB2779D5}.Debug|Any CPU.Build.0 = Debug|Any CPU
		{A1CCE13D-D522-429E-BFD4-B898FB2779D5}.Release|Any CPU.ActiveCfg = Release|Any CPU
		{A1CCE13D-D522-429E-BFD4-B898FB2779D5}.Release|Any CPU.Build.0 = Release|Any CPU
		{4D6866CA-0A27-4A02-A84B-D85623B35BB1}.Debug|Any CPU.ActiveCfg = Debug|Any CPU
		{4D6866CA-0A27-4A02-A84B-D85623B35BB1}.Debug|Any CPU.Build.0 = Debug|Any CPU
		{4D6866CA-0A27-4A02-A84B-D85623B35BB1}.Release|Any CPU.ActiveCfg = Release|Any CPU
		{4D6866CA-0A27-4A02-A84B-D85623B35BB1}.Release|Any CPU.Build.0 = Release|Any CPU
	EndGlobalSection
	GlobalSection(SolutionProperties) = preSolution
		HideSolutionNode = FALSE
	EndGlobalSection
	GlobalSection(ExtensibilityGlobals) = postSolution
		SolutionGuid = {7F340145-8A37-42BB-846B-573A4A6C574F}
	EndGlobalSection
EndGlobal
